{
  "requires": true,
  "lockfileVersion": 1,
  "dependencies": {
    "docker-compose": {
      "version": "0.23.4",
      "resolved": "https://registry.npmjs.org/docker-compose/-/docker-compose-0.23.4.tgz",
      "integrity": "sha512-yWdXby9uQ8o4syOfvoSJ9ZlTnLipvUmDn59uaYY5VGIUSUAfMPPGqE1DE3pOCnfSg9Tl9UOOFO0PCSAzuIHmuA=="
    }
  }
}
